
Microsoft Visual Studio Solution File, Format Version 12.00
# Visual Studio 15
VisualStudioVersion = 15.0.28307.852
MinimumVisualStudioVersion = 10.0.40219.1
Project("{FAE04EC0-301F-11D3-BF4B-00C04F79EFBC}") = "Laba3_Task2", "Laba3_Task2\Laba3_Task2.csproj", "{DE3EE8A1-2D7B-47F3-B4B0-09E0AEA66326}"
EndProject
Global
	GlobalSection(SolutionConfigurationPlatforms) = preSolution
		Debug|Any CPU = Debug|Any CPU
		Release|Any CPU = Release|Any CPU
	EndGlobalSection
	GlobalSection(ProjectConfigurationPlatforms) = postSolution
		{DE3EE8A1-2D7B-47F3-B4B0-09E0AEA66326}.Debug|Any CPU.ActiveCfg = Debug|Any CPU
		{DE3EE8A1-2D7B-47F3-B4B0-09E0AEA66326}.Debug|Any CPU.Build.0 = Debug|Any CPU
		{DE3EE8A1-2D7B-47F3-B4B0-09E0AEA66326}.Release|Any CPU.ActiveCfg = Release|Any CPU
		{DE3EE8A1-2D7B-47F3-B4B0-09E0AEA66326}.Release|Any CPU.Build.0 = Release|Any CPU
	EndGlobalSection
	GlobalSection(SolutionProperties) = preSolution
		HideSolutionNode = FALSE
	EndGlobalSection
	GlobalSection(ExtensibilityGlobals) = postSolution
		SolutionGuid = {630CD0A3-D29A-4749-BE7B-0B5D92E8036A}
	EndGlobalSection
EndGlobal
